
Microsoft Visual Studio Solution File, Format Version 12.00
# Visual Studio 15
VisualStudioVersion = 15.0.27703.2042
MinimumVisualStudioVersion = 10.0.40219.1
Project("{9A19103F-16F7-4668-BE54-9A1E7A4F7556}") = "NBCZ.Common", "NBCZ.Common\NBCZ.Common.csproj", "{F331C30C-341D-4408-908D-8F47AC17E1DC}"
EndProject
Project("{9A19103F-16F7-4668-BE54-9A1E7A4F7556}") = "NBCZ.DBUtility", "NBCZ.DBUtility\NBCZ.DBUtility.csproj", "{94C6F951-EEB4-4503-B7EE-48104DC59CB2}"
EndProject
Project("{9A19103F-16F7-4668-BE54-9A1E7A4F7556}") = "NBCZ.Model", "NBCZ.Model\NBCZ.Model.csproj", "{E3560D2C-B1AE-41BD-8A18-1DE9B9A6A0BA}"
EndProject
Project("{9A19103F-16F7-4668-BE54-9A1E7A4F7556}") = "NBCZ.Api", "NBCZ.Api\NBCZ.Api.csproj", "{AC186DEE-4E7A-411D-AD5D-0C64C697060D}"
EndProject
Project("{E53339B2-1760-4266-BCC7-CA923CBCF16C}") = "docker-compose", "docker-compose.dcproj", "{1A1B7E8D-6174-40E5-AFC9-8C36E8CBDB0A}"
EndProject
Project("{9A19103F-16F7-4668-BE54-9A1E7A4F7556}") = "NBCZ.BLL.Interface", "NBCZ.BLL.Interface\NBCZ.BLL.Interface.csproj", "{83DB3ED1-830D-48C3-87A0-D693B643ACCE}"
EndProject
Project("{9A19103F-16F7-4668-BE54-9A1E7A4F7556}") = "NBCZ.DAL.Interface", "NBCZ.DAL.Interface\NBCZ.DAL.Interface.csproj", "{145A9A77-43ED-425B-9B79-BF79FD60EFF6}"
EndProject
Project("{9A19103F-16F7-4668-BE54-9A1E7A4F7556}") = "NBCZ.BLL.Impl", "NBCZ.BLL.Impl\NBCZ.BLL.Impl.csproj", "{F676DAAB-773F-4FE4-BF04-27299FD2AA76}"
EndProject
Project("{9A19103F-16F7-4668-BE54-9A1E7A4F7556}") = "NBCZ.DAL.Impl", "NBCZ.DAL.Impl\NBCZ.DAL.Impl.csproj", "{B9929D13-0D51-4849-B45B-2C682191F78E}"
EndProject
Project("{2150E333-8FDC-42A3-9474-1A3956D46DE8}") = "BLL", "BLL", "{0213CFE1-B39B-4590-B66D-489C989A076B}"
EndProject
Project("{2150E333-8FDC-42A3-9474-1A3956D46DE8}") = "DAL", "DAL", "{F10EF48C-3BEC-4558-B659-8B68EA3E3836}"
EndProject
Global
	GlobalSection(SolutionConfigurationPlatforms) = preSolution
		Debug|Any CPU = Debug|Any CPU
		Release|Any CPU = Release|Any CPU
	EndGlobalSection
	GlobalSection(ProjectConfigurationPlatforms) = postSolution
		{F331C30C-341D-4408-908D-8F47AC17E1DC}.Debug|Any CPU.ActiveCfg = Debug|Any CPU
		{F331C30C-341D-4408-908D-8F47AC17E1DC}.Debug|Any CPU.Build.0 = Debug|Any CPU
		{F331C30C-341D-4408-908D-8F47AC17E1DC}.Release|Any CPU.ActiveCfg = Release|Any CPU
		{F331C30C-341D-4408-908D-8F47AC17E1DC}.Release|Any CPU.Build.0 = Release|Any CPU
		{94C6F951-EEB4-4503-B7EE-48104DC59CB2}.Debug|Any CPU.ActiveCfg = Debug|Any CPU
		{94C6F951-EEB4-4503-B7EE-48104DC59CB2}.Debug|Any CPU.Build.0 = Debug|Any CPU
		{94C6F951-EEB4-4503-B7EE-48104DC59CB2}.Release|Any CPU.ActiveCfg = Release|Any CPU
		{94C6F951-EEB4-4503-B7EE-48104DC59CB2}.Release|Any CPU.Build.0 = Release|Any CPU
		{E3560D2C-B1AE-41BD-8A18-1DE9B9A6A0BA}.Debug|Any CPU.ActiveCfg = Debug|Any CPU
		{E3560D2C-B1AE-41BD-8A18-1DE9B9A6A0BA}.Debug|Any CPU.Build.0 = Debug|Any CPU
		{E3560D2C-B1AE-41BD-8A18-1DE9B9A6A0BA}.Release|Any CPU.ActiveCfg = Release|Any CPU
		{E3560D2C-B1AE-41BD-8A18-1DE9B9A6A0BA}.Release|Any CPU.Build.0 = Release|Any CPU
		{AC186DEE-4E7A-411D-AD5D-0C64C697060D}.Debug|Any CPU.ActiveCfg = Debug|Any CPU
		{AC186DEE-4E7A-411D-AD5D-0C64C697060D}.Debug|Any CPU.Build.0 = Debug|Any CPU
		{AC186DEE-4E7A-411D-AD5D-0C64C697060D}.Release|Any CPU.ActiveCfg = Release|Any CPU
		{AC186DEE-4E7A-411D-AD5D-0C64C697060D}.Release|Any CPU.Build.0 = Release|Any CPU
		{1A1B7E8D-6174-40E5-AFC9-8C36E8CBDB0A}.Debug|Any CPU.ActiveCfg = Debug|Any CPU
		{1A1B7E8D-6174-40E5-AFC9-8C36E8CBDB0A}.Debug|Any CPU.Build.0 = Debug|Any CPU
		{1A1B7E8D-6174-40E5-AFC9-8C36E8CBDB0A}.Release|Any CPU.ActiveCfg = Release|Any CPU
		{1A1B7E8D-6174-40E5-AFC9-8C36E8CBDB0A}.Release|Any CPU.Build.0 = Release|Any CPU
		{83DB3ED1-830D-48C3-87A0-D693B643ACCE}.Debug|Any CPU.ActiveCfg = Debug|Any CPU
		{83DB3ED1-830D-48C3-87A0-D693B643ACCE}.Debug|Any CPU.Build.0 = Debug|Any CPU
		{83DB3ED1-830D-48C3-87A0-D693B643ACCE}.Release|Any CPU.ActiveCfg = Release|Any CPU
		{83DB3ED1-830D-48C3-87A0-D693B643ACCE}.Release|Any CPU.Build.0 = Release|Any CPU
		{145A9A77-43ED-425B-9B79-BF79FD60EFF6}.Debug|Any CPU.ActiveCfg = Debug|Any CPU
		{145A9A77-43ED-425B-9B79-BF79FD60EFF6}.Debug|Any CPU.Build.0 = Debug|Any CPU
		{145A9A77-43ED-425B-9B79-BF79FD60EFF6}.Release|Any CPU.ActiveCfg = Release|Any CPU
		{145A9A77-43ED-425B-9B79-BF79FD60EFF6}.Release|Any CPU.Build.0 = Release|Any CPU
		{F676DAAB-773F-4FE4-BF04-27299FD2AA76}.Debug|Any CPU.ActiveCfg = Debug|Any CPU
		{F676DAAB-773F-4FE4-BF04-27299FD2AA76}.Debug|Any CPU.Build.0 = Debug|Any CPU
		{F676DAAB-773F-4FE4-BF04-27299FD2AA76}.Release|Any CPU.ActiveCfg = Release|Any CPU
		{F676DAAB-773F-4FE4-BF04-27299FD2AA76}.Release|Any CPU.Build.0 = Release|Any CPU
		{B9929D13-0D51-4849-B45B-2C682191F78E}.Debug|Any CPU.ActiveCfg = Debug|Any CPU
		{B9929D13-0D51-4849-B45B-2C682191F78E}.Debug|Any CPU.Build.0 = Debug|Any CPU
		{B9929D13-0D51-4849-B45B-2C682191F78E}.Release|Any CPU.ActiveCfg = Release|Any CPU
		{B9929D13-0D51-4849-B45B-2C682191F78E}.Release|Any CPU.Build.0 = Release|Any CPU
	EndGlobalSection
	GlobalSection(SolutionProperties) = preSolution
		HideSolutionNode = FALSE
	EndGlobalSection
	GlobalSection(NestedProjects) = preSolution
		{83DB3ED1-830D-48C3-87A0-D693B643ACCE} = {0213CFE1-B39B-4590-B66D-489C989A076B}
		{145A9A77-43ED-425B-9B79-BF79FD60EFF6} = {F10EF48C-3BEC-4558-B659-8B68EA3E3836}
		{F676DAAB-773F-4FE4-BF04-27299FD2AA76} = {0213CFE1-B39B-4590-B66D-489C989A076B}
		{B9929D13-0D51-4849-B45B-2C682191F78E} = {F10EF48C-3BEC-4558-B659-8B68EA3E3836}
	EndGlobalSection
	GlobalSection(ExtensibilityGlobals) = postSolution
		SolutionGuid = {42DB1507-ADE1-44FF-8C8D-97967A5AF706}
	EndGlobalSection
EndGlobal
